
Microsoft Visual Studio Solution File, Format Version 12.00
# Visual Studio Version 17
VisualStudioVersion = 17.12.35521.163 d17.12
MinimumVisualStudioVersion = 10.0.40219.1
Project("{FAE04EC0-301F-11D3-BF4B-00C04F79EFBC}") = "WebAPICQRS", "WebAPICQRS.csproj", "{1DCACA81-D84C-4030-9140-70A434BC5FB2}"
EndProject
Project("{FAE04EC0-301F-11D3-BF4B-00C04F79EFBC}") = "CQRS", "..\CQRS\CQRS.csproj", "{3067A619-F153-4722-9D88-7356E88CB32C}"
EndProject
Project("{FAE04EC0-301F-11D3-BF4B-00C04F79EFBC}") = "Models", "..\Models\Models\Models.csproj", "{61C8E574-E593-40EE-B4C7-53C94DBE96EE}"
EndProject
Global
	GlobalSection(SolutionConfigurationPlatforms) = preSolution
		Debug|Any CPU = Debug|Any CPU
		Release|Any CPU = Release|Any CPU
	EndGlobalSection
	GlobalSection(ProjectConfigurationPlatforms) = postSolution
		{1DCACA81-D84C-4030-9140-70A434BC5FB2}.Debug|Any CPU.ActiveCfg = Debug|Any CPU
		{1DCACA81-D84C-4030-9140-70A434BC5FB2}.Debug|Any CPU.Build.0 = Debug|Any CPU
		{1DCACA81-D84C-4030-9140-70A434BC5FB2}.Release|Any CPU.ActiveCfg = Release|Any CPU
		{1DCACA81-D84C-4030-9140-70A434BC5FB2}.Release|Any CPU.Build.0 = Release|Any CPU
		{3067A619-F153-4722-9D88-7356E88CB32C}.Debug|Any CPU.ActiveCfg = Debug|Any CPU
		{3067A619-F153-4722-9D88-7356E88CB32C}.Debug|Any CPU.Build.0 = Debug|Any CPU
		{3067A619-F153-4722-9D88-7356E88CB32C}.Release|Any CPU.ActiveCfg = Release|Any CPU
		{3067A619-F153-4722-9D88-7356E88CB32C}.Release|Any CPU.Build.0 = Release|Any CPU
		{61C8E574-E593-40EE-B4C7-53C94DBE96EE}.Debug|Any CPU.ActiveCfg = Debug|Any CPU
		{61C8E574-E593-40EE-B4C7-53C94DBE96EE}.Debug|Any CPU.Build.0 = Debug|Any CPU
		{61C8E574-E593-40EE-B4C7-53C94DBE96EE}.Release|Any CPU.ActiveCfg = Release|Any CPU
		{61C8E574-E593-40EE-B4C7-53C94DBE96EE}.Release|Any CPU.Build.0 = Release|Any CPU
	EndGlobalSection
	GlobalSection(SolutionProperties) = preSolution
		HideSolutionNode = FALSE
	EndGlobalSection
EndGlobal
